
Microsoft Visual Studio Solution File, Format Version 12.00
# Visual Studio Version 17
VisualStudioVersion = 17.4.33213.308
MinimumVisualStudioVersion = 10.0.40219.1
Project("{FAE04EC0-301F-11D3-BF4B-00C04F79EFBC}") = "Whiskies", "Whiskies\Whiskies.csproj", "{37EE816C-D036-43FE-ACF2-BAEEDE3D160A}"
EndProject
Global
	GlobalSection(SolutionConfigurationPlatforms) = preSolution
		Debug|Any CPU = Debug|Any CPU
		Release|Any CPU = Release|Any CPU
	EndGlobalSection
	GlobalSection(ProjectConfigurationPlatforms) = postSolution
		{37EE816C-D036-43FE-ACF2-BAEEDE3D160A}.Debug|Any CPU.ActiveCfg = Debug|Any CPU
		{37EE816C-D036-43FE-ACF2-BAEEDE3D160A}.Debug|Any CPU.Build.0 = Debug|Any CPU
		{37EE816C-D036-43FE-ACF2-BAEEDE3D160A}.Release|Any CPU.ActiveCfg = Release|Any CPU
		{37EE816C-D036-43FE-ACF2-BAEEDE3D160A}.Release|Any CPU.Build.0 = Release|Any CPU
	EndGlobalSection
	GlobalSection(SolutionProperties) = preSolution
		HideSolutionNode = FALSE
	EndGlobalSection
	GlobalSection(ExtensibilityGlobals) = postSolution
		SolutionGuid = {2E08191E-50DF-43F0-8F77-360E5C214214}
	EndGlobalSection
EndGlobal
